
Microsoft Visual Studio Solution File, Format Version 12.00
# Visual Studio Version 17
VisualStudioVersion = 17.14.36310.24 d17.14
MinimumVisualStudioVersion = 10.0.40219.1
Project("{FAE04EC0-301F-11D3-BF4B-00C04F79EFBC}") = "ClassesStructsOOP", "ClassesStructsOOP.csproj", "{99A0A3C6-CF1C-48D9-AFBE-93D024E216DD}"
EndProject
Global
	GlobalSection(SolutionConfigurationPlatforms) = preSolution
		Debug|Any CPU = Debug|Any CPU
		Release|Any CPU = Release|Any CPU
	EndGlobalSection
	GlobalSection(ProjectConfigurationPlatforms) = postSolution
		{99A0A3C6-CF1C-48D9-AFBE-93D024E216DD}.Debug|Any CPU.ActiveCfg = Debug|Any CPU
		{99A0A3C6-CF1C-48D9-AFBE-93D024E216DD}.Debug|Any CPU.Build.0 = Debug|Any CPU
		{99A0A3C6-CF1C-48D9-AFBE-93D024E216DD}.Release|Any CPU.ActiveCfg = Release|Any CPU
		{99A0A3C6-CF1C-48D9-AFBE-93D024E216DD}.Release|Any CPU.Build.0 = Release|Any CPU
	EndGlobalSection
	GlobalSection(SolutionProperties) = preSolution
		HideSolutionNode = FALSE
	EndGlobalSection
	GlobalSection(ExtensibilityGlobals) = postSolution
		SolutionGuid = {D04C20F1-E22F-4043-B190-AA94E4BB6800}
	EndGlobalSection
EndGlobal
